
Microsoft Visual Studio Solution File, Format Version 12.00
# Visual Studio Version 16
VisualStudioVersion = 16.0.29326.143
MinimumVisualStudioVersion = 10.0.40219.1
Project("{FAE04EC0-301F-11D3-BF4B-00C04F79EFBC}") = "ConsoleApp3", "ConsoleApp3\ConsoleApp3.csproj", "{E10342EF-F162-4D94-8556-73E7CEBEDDCD}"
EndProject
Global
	GlobalSection(SolutionConfigurationPlatforms) = preSolution
		Debug|Any CPU = Debug|Any CPU
		Release|Any CPU = Release|Any CPU
	EndGlobalSection
	GlobalSection(ProjectConfigurationPlatforms) = postSolution
		{E10342EF-F162-4D94-8556-73E7CEBEDDCD}.Debug|Any CPU.ActiveCfg = Debug|Any CPU
		{E10342EF-F162-4D94-8556-73E7CEBEDDCD}.Debug|Any CPU.Build.0 = Debug|Any CPU
		{E10342EF-F162-4D94-8556-73E7CEBEDDCD}.Release|Any CPU.ActiveCfg = Release|Any CPU
		{E10342EF-F162-4D94-8556-73E7CEBEDDCD}.Release|Any CPU.Build.0 = Release|Any CPU
	EndGlobalSection
	GlobalSection(SolutionProperties) = preSolution
		HideSolutionNode = FALSE
	EndGlobalSection
	GlobalSection(ExtensibilityGlobals) = postSolution
		SolutionGuid = {4B3CC9B6-4D8E-498A-88CE-290E832A7FE8}
	EndGlobalSection
EndGlobal
